version = 1
requires-python = ">=3.12"

[[package]]
name = "asgiref"
version = "3.8.1"
source = { registry = "https://pypi.org/simple" }
sdist = { url = "https://files.pythonhosted.org/packages/29/38/b3395cc9ad1b56d2ddac9970bc8f4141312dbaec28bc7c218b0dfafd0f42/asgiref-3.8.1.tar.gz", hash = "sha256:c343bd80a0bec947a9860adb4c432ffa7db769836c64238fc34bdc3fec84d590", size = 35186 }
wheels = [
    { url = "https://files.pythonhosted.org/packages/39/e3/893e8757be2612e6c266d9bb58ad2e3651524b5b40cf56761e985a28b13e/asgiref-3.8.1-py3-none-any.whl", hash = "sha256:3e1e3ecc849832fe52ccf2cb6686b7a55f82bb1d6aee72a58826471390335e47", size = 23828 },
]

[[package]]
name = "beautifulsoup4"
version = "4.12.3"
source = { registry = "https://pypi.org/simple" }
dependencies = [
    { name = "soupsieve" },
]
sdist = { url = "https://files.pythonhosted.org/packages/b3/ca/824b1195773ce6166d388573fc106ce56d4a805bd7427b624e063596ec58/beautifulsoup4-4.12.3.tar.gz", hash = "sha256:74e3d1928edc070d21748185c46e3fb33490f22f52a3addee9aee0f4f7781051", size = 581181 }
wheels = [
    { url = "https://files.pythonhosted.org/packages/b1/fe/e8c672695b37eecc5cbf43e1d0638d88d66ba3a44c4d321c796f4e59167f/beautifulsoup4-4.12.3-py3-none-any.whl", hash = "sha256:b80878c9f40111313e55da8ba20bdba06d8fa3969fc68304167741bbf9e082ed", size = 147925 },
]

[[package]]
name = "bs4"
version = "0.0.2"
source = { registry = "https://pypi.org/simple" }
dependencies = [
    { name = "beautifulsoup4" },
]
sdist = { url = "https://files.pythonhosted.org/packages/c9/aa/4acaf814ff901145da37332e05bb510452ebed97bc9602695059dd46ef39/bs4-0.0.2.tar.gz", hash = "sha256:a48685c58f50fe127722417bae83fe6badf500d54b55f7e39ffe43b798653925", size = 698 }
wheels = [
    { url = "https://files.pythonhosted.org/packages/51/bb/bf7aab772a159614954d84aa832c129624ba6c32faa559dfb200a534e50b/bs4-0.0.2-py2.py3-none-any.whl", hash = "sha256:abf8742c0805ef7f662dce4b51cca104cffe52b835238afc169142ab9b3fbccc", size = 1189 },
]

[[package]]
name = "canada-xc"
version = "0.1.0"
source = { virtual = "." }
dependencies = [
    { name = "django" },
    { name = "django-htmx" },
    { name = "django-import-export" },
    { name = "gunicorn" },
    { name = "pillow" },
    { name = "psycopg", extra = ["c"] },
    { name = "python-dotenv" },
    { name = "sentry-sdk", extra = ["django"] },
    { name = "thefuzz" },
]

[package.dev-dependencies]
dev = [
    { name = "bs4" },
    { name = "djade" },
    { name = "django-debug-toolbar" },
    { name = "ruff" },
]

[package.metadata]
requires-dist = [
    { name = "django", specifier = ">=5.1.2" },
    { name = "django-htmx", specifier = ">=1.21.0" },
    { name = "django-import-export", specifier = ">=4.1.1" },
    { name = "gunicorn", specifier = ">=23.0.0" },
    { name = "pillow", specifier = ">=11.0.0" },
    { name = "psycopg", extras = ["c"], specifier = ">=3.2.3" },
    { name = "python-dotenv", specifier = ">=1.0.1" },
    { name = "sentry-sdk", extras = ["django"], specifier = ">=2.18.0" },
    { name = "thefuzz", specifier = ">=0.22.1" },
]

[package.metadata.requires-dev]
dev = [
    { name = "bs4", specifier = ">=0.0.2" },
    { name = "djade", specifier = ">=1.3.0" },
    { name = "django-debug-toolbar", specifier = ">=4.4.6" },
    { name = "ruff", specifier = ">=0.6.9" },
]

[[package]]
name = "certifi"
version = "2024.8.30"
source = { registry = "https://pypi.org/simple" }
sdist = { url = "https://files.pythonhosted.org/packages/b0/ee/9b19140fe824b367c04c5e1b369942dd754c4c5462d5674002f75c4dedc1/certifi-2024.8.30.tar.gz", hash = "sha256:bec941d2aa8195e248a60b31ff9f0558284cf01a52591ceda73ea9afffd69fd9", size = 168507 }
wheels = [
    { url = "https://files.pythonhosted.org/packages/12/90/3c9ff0512038035f59d279fddeb79f5f1eccd8859f06d6163c58798b9487/certifi-2024.8.30-py3-none-any.whl", hash = "sha256:922820b53db7a7257ffbda3f597266d435245903d80737e34f8a45ff3e3230d8", size = 167321 },
]

[[package]]
name = "diff-match-patch"
version = "20230430"
source = { registry = "https://pypi.org/simple" }
sdist = { url = "https://files.pythonhosted.org/packages/48/40/7f0b68e3578453d1ccd3638cfd9682b515b9d22730903a88615f1ee92352/diff-match-patch-20230430.tar.gz", hash = "sha256:953019cdb9c9d2c9e47b5b12bcff3cf4746fc4598eb406076fa1fc27e6a1f15c", size = 43324 }
wheels = [
    { url = "https://files.pythonhosted.org/packages/96/19/2654bccc833c946d94b84e4fa02d1ad1d2ff216bacad2e014a3dd820c735/diff_match_patch-20230430-py3-none-any.whl", hash = "sha256:dce43505fb7b1b317de7195579388df0746d90db07015ed47a85e5e44930ef93", size = 42831 },
]

[[package]]
name = "djade"
version = "1.3.0"
source = { registry = "https://pypi.org/simple" }
sdist = { url = "https://files.pythonhosted.org/packages/b6/33/be00b78528bfcc2b32166ba1fdadfa75f62ce3de7615342c4826697de92f/djade-1.3.0.tar.gz", hash = "sha256:a72bc81d6c47ec2cd35400b8aed5473dfbd4ae72df9c2a029929dc56687afc43", size = 34904 }
wheels = [
    { url = "https://files.pythonhosted.org/packages/e6/e1/df59f895b20b8d600624aa3e9a9f4574150cfd277f406864016fb9005e21/djade-1.3.0-py3-none-macosx_10_12_x86_64.whl", hash = "sha256:4604649877feb020e66a6c85d8dacf29a257f7c62efe7599795944a1b06e3e43", size = 1078992 },
    { url = "https://files.pythonhosted.org/packages/91/5e/6fc5de51d130fb4afa803a701d7e4a6b95ed0859393bd2b4a0a8198d9320/djade-1.3.0-py3-none-macosx_11_0_arm64.whl", hash = "sha256:cb390b65bfa52ff6d7c68b35edfea5b807e582dea1c74c8b19270cc8dfba11c3", size = 1012361 },
    { url = "https://files.pythonhosted.org/packages/70/28/f7b8c0b546d4234fd15cffc108274e0075ce5ab735eb34f22302fe22fd18/djade-1.3.0-py3-none-manylinux_2_17_aarch64.manylinux2014_aarch64.whl", hash = "sha256:a174245987199904f8502068e24be5061a51660c3330d9853318ad98b8659fde", size = 1145133 },
    { url = "https://files.pythonhosted.org/packages/c7/70/886ed46d75ee68963ed64b23e24a6a9c229f23c414d6da7baab21fa6888e/djade-1.3.0-py3-none-manylinux_2_17_armv7l.manylinux2014_armv7l.whl", hash = "sha256:362630e49c2a809a3599ff66c5125cfd78c5b045c77756a4679737bd0b9cc235", size = 1091697 },
    { url = "https://files.pythonhosted.org/packages/bc/61/f424d5b927aa8998e56c2b81e4f4f13ee820f93f2ff6b6a956cb564c82a3/djade-1.3.0-py3-none-manylinux_2_17_i686.manylinux2014_i686.whl", hash = "sha256:78694c152352469cae99d3a97d8e4e4839557b307088b33d4abc97bdc48112b8", size = 1202409 },
    { url = "https://files.pythonhosted.org/packages/b0/c1/a3b33192213bedd312b8b85963336b0aed9302b102e486a551b8da6ded8b/djade-1.3.0-py3-none-manylinux_2_17_x86_64.manylinux2014_x86_64.whl", hash = "sha256:d7b02b92c9caab62173cb57561cca8bf4eeef4ae2ff2d481f017c6fedf1bef67", size = 1181425 },
    { url = "https://files.pythonhosted.org/packages/d6/27/f3149584e3ba0843fcc6761a4dbda7013e4787f542ed9c3d391065759990/djade-1.3.0-py3-none-musllinux_1_1_aarch64.whl", hash = "sha256:eaa5fc3436a42d542b3c4ffff8807b8d87ea8dc25488d9fb4c66d22c7daae010", size = 1151739 },
    { url = "https://files.pythonhosted.org/packages/2a/0b/163d82f8b5071047f19b46199a8a3a5000f90b0997a45a0d2d3137de80aa/djade-1.3.0-py3-none-musllinux_1_1_x86_64.whl", hash = "sha256:f692d5015395494b9ee6ca9c18ec210178f9fae1f194786391b7fa0f908055a0", size = 1233504 },
    { url = "https://files.pythonhosted.org/packages/5f/a7/21cd0ae9fa862931b616e2b71e7a99eebb55d0ca8bbd3507a39df20cc855/djade-1.3.0-py3-none-win32.whl", hash = "sha256:fd0efa0253935b2c7e93994de33701e9722849f83bb5e51181a8c3290b41b5a1", size = 823084 },
    { url = "https://files.pythonhosted.org/packages/76/92/d3ecf4190edd9c5f0c1c16df871f27129031c4ec2d5ad6538f1c28364432/djade-1.3.0-py3-none-win_amd64.whl", hash = "sha256:f3bd8debf6067fc3682e35c606355d0b8e40489927076be09381a1ea769f5225", size = 908926 },
    { url = "https://files.pythonhosted.org/packages/ed/54/699be982b5a99ab7cffb0486fcdd9a23b2a4c70d809bbfa40e6812a29982/djade-1.3.0-py3-none-win_arm64.whl", hash = "sha256:493aec6d459002905bd17642dff499ddd806cd018bd9113389b7938785d3d16c", size = 831653 },
]

[[package]]
name = "django"
version = "5.1.2"
source = { registry = "https://pypi.org/simple" }
dependencies = [
    { name = "asgiref" },
    { name = "sqlparse" },
    { name = "tzdata", marker = "sys_platform == 'win32'" },
]
sdist = { url = "https://files.pythonhosted.org/packages/9c/e5/a06e20c963b280af4aa9432bc694fbdeb1c8df9e28c2ffd5fbb71c4b1bec/Django-5.1.2.tar.gz", hash = "sha256:bd7376f90c99f96b643722eee676498706c9fd7dc759f55ebfaf2c08ebcdf4f0", size = 10711674 }
wheels = [
    { url = "https://files.pythonhosted.org/packages/a3/b8/f205f2b8c44c6cdc555c4f56bbe85ceef7f67c0cf1caa8abe078bb7e32bd/Django-5.1.2-py3-none-any.whl", hash = "sha256:f11aa87ad8d5617171e3f77e1d5d16f004b79a2cf5d2e1d2b97a6a1f8e9ba5ed", size = 8276058 },
]

[[package]]
name = "django-debug-toolbar"
version = "4.4.6"
source = { registry = "https://pypi.org/simple" }
dependencies = [
    { name = "django" },
    { name = "sqlparse" },
]
sdist = { url = "https://files.pythonhosted.org/packages/d4/9c/0a3238eda0a46df20f2e3fe2a30313d34f5042a1a737d08230b77c29a3e9/django_debug_toolbar-4.4.6.tar.gz", hash = "sha256:36e421cb908c2f0675e07f9f41e3d1d8618dc386392ec82d23bcfcd5d29c7044", size = 272610 }
wheels = [
    { url = "https://files.pythonhosted.org/packages/2f/33/2036a472eedfbe49240dffea965242b3f444de4ea4fbeceb82ccea33a2ce/django_debug_toolbar-4.4.6-py3-none-any.whl", hash = "sha256:3beb671c9ec44ffb817fad2780667f172bd1c067dbcabad6268ce39a81335f45", size = 229621 },
]

[[package]]
name = "django-htmx"
version = "1.21.0"
source = { registry = "https://pypi.org/simple" }
dependencies = [
    { name = "asgiref" },
    { name = "django" },
]
sdist = { url = "https://files.pythonhosted.org/packages/c7/5c/f6b7e9102a86c69b018142c5e3255b7f983b4f6545fe8e9bbb326e903be1/django_htmx-1.21.0.tar.gz", hash = "sha256:6ed3b42effd5980f22e68f36cd14ee4311bff3b6cb8435a89e27f45995691572", size = 9611 }
wheels = [
    { url = "https://files.pythonhosted.org/packages/9f/ec/0d68c022dac4a539cdd2cf8b2e23a034da9d6ef864e4bc324a5fe2b50c28/django_htmx-1.21.0-py3-none-any.whl", hash = "sha256:64bc31463017a80552b767bc216ee5700248fa72e7ccd2963495e69afbdb6abe", size = 6901 },
]

[[package]]
name = "django-import-export"
version = "4.1.1"
source = { registry = "https://pypi.org/simple" }
dependencies = [
    { name = "diff-match-patch" },
    { name = "django" },
    { name = "tablib" },
]
sdist = { url = "https://files.pythonhosted.org/packages/29/77/b23eaeb57802999d1b4bcebeb6afb11ab9666879fc43547df725fc516016/django_import_export-4.1.1.tar.gz", hash = "sha256:16ecc5a9f0df46bde6eb278a3e65ebda0ee1db55656f36440e9fb83f40ab85a3", size = 2350049 }
wheels = [
    { url = "https://files.pythonhosted.org/packages/02/49/9101262deb3c0c832071da8087abfdf160b52bf3a7b92d79898c39d038c2/django_import_export-4.1.1-py3-none-any.whl", hash = "sha256:730ae2443a02b1ba27d8dba078a27ae9123adfcabb78161b4f130843607b3df9", size = 134031 },
]

[[package]]
name = "gunicorn"
version = "23.0.0"
source = { registry = "https://pypi.org/simple" }
dependencies = [
    { name = "packaging" },
]
sdist = { url = "https://files.pythonhosted.org/packages/34/72/9614c465dc206155d93eff0ca20d42e1e35afc533971379482de953521a4/gunicorn-23.0.0.tar.gz", hash = "sha256:f014447a0101dc57e294f6c18ca6b40227a4c90e9bdb586042628030cba004ec", size = 375031 }
wheels = [
    { url = "https://files.pythonhosted.org/packages/cb/7d/6dac2a6e1eba33ee43f318edbed4ff29151a49b5d37f080aad1e6469bca4/gunicorn-23.0.0-py3-none-any.whl", hash = "sha256:ec400d38950de4dfd418cff8328b2c8faed0edb0d517d3394e457c317908ca4d", size = 85029 },
]

[[package]]
name = "packaging"
version = "24.1"
source = { registry = "https://pypi.org/simple" }
sdist = { url = "https://files.pythonhosted.org/packages/51/65/50db4dda066951078f0a96cf12f4b9ada6e4b811516bf0262c0f4f7064d4/packaging-24.1.tar.gz", hash = "sha256:026ed72c8ed3fcce5bf8950572258698927fd1dbda10a5e981cdf0ac37f4f002", size = 148788 }
wheels = [
    { url = "https://files.pythonhosted.org/packages/08/aa/cc0199a5f0ad350994d660967a8efb233fe0416e4639146c089643407ce6/packaging-24.1-py3-none-any.whl", hash = "sha256:5b8f2217dbdbd2f7f384c41c628544e6d52f2d0f53c6d0c3ea61aa5d1d7ff124", size = 53985 },
]

[[package]]
name = "pillow"
version = "11.0.0"
source = { registry = "https://pypi.org/simple" }
sdist = { url = "https://files.pythonhosted.org/packages/a5/26/0d95c04c868f6bdb0c447e3ee2de5564411845e36a858cfd63766bc7b563/pillow-11.0.0.tar.gz", hash = "sha256:72bacbaf24ac003fea9bff9837d1eedb6088758d41e100c1552930151f677739", size = 46737780 }
wheels = [
    { url = "https://files.pythonhosted.org/packages/1c/a3/26e606ff0b2daaf120543e537311fa3ae2eb6bf061490e4fea51771540be/pillow-11.0.0-cp312-cp312-macosx_10_13_x86_64.whl", hash = "sha256:d2c0a187a92a1cb5ef2c8ed5412dd8d4334272617f532d4ad4de31e0495bd923", size = 3147642 },
    { url = "https://files.pythonhosted.org/packages/4f/d5/1caabedd8863526a6cfa44ee7a833bd97f945dc1d56824d6d76e11731939/pillow-11.0.0-cp312-cp312-macosx_11_0_arm64.whl", hash = "sha256:084a07ef0821cfe4858fe86652fffac8e187b6ae677e9906e192aafcc1b69903", size = 2978999 },
    { url = "https://files.pythonhosted.org/packages/d9/ff/5a45000826a1aa1ac6874b3ec5a856474821a1b59d838c4f6ce2ee518fe9/pillow-11.0.0-cp312-cp312-manylinux_2_17_aarch64.manylinux2014_aarch64.whl", hash = "sha256:8069c5179902dcdce0be9bfc8235347fdbac249d23bd90514b7a47a72d9fecf4", size = 4196794 },
    { url = "https://files.pythonhosted.org/packages/9d/21/84c9f287d17180f26263b5f5c8fb201de0f88b1afddf8a2597a5c9fe787f/pillow-11.0.0-cp312-cp312-manylinux_2_17_x86_64.manylinux2014_x86_64.whl", hash = "sha256:f02541ef64077f22bf4924f225c0fd1248c168f86e4b7abdedd87d6ebaceab0f", size = 4300762 },
    { url = "https://files.pythonhosted.org/packages/84/39/63fb87cd07cc541438b448b1fed467c4d687ad18aa786a7f8e67b255d1aa/pillow-11.0.0-cp312-cp312-manylinux_2_28_aarch64.whl", hash = "sha256:fcb4621042ac4b7865c179bb972ed0da0218a076dc1820ffc48b1d74c1e37fe9", size = 4210468 },
    { url = "https://files.pythonhosted.org/packages/7f/42/6e0f2c2d5c60f499aa29be14f860dd4539de322cd8fb84ee01553493fb4d/pillow-11.0.0-cp312-cp312-manylinux_2_28_x86_64.whl", hash = "sha256:00177a63030d612148e659b55ba99527803288cea7c75fb05766ab7981a8c1b7", size = 4381824 },
    { url = "https://files.pythonhosted.org/packages/31/69/1ef0fb9d2f8d2d114db982b78ca4eeb9db9a29f7477821e160b8c1253f67/pillow-11.0.0-cp312-cp312-musllinux_1_2_aarch64.whl", hash = "sha256:8853a3bf12afddfdf15f57c4b02d7ded92c7a75a5d7331d19f4f9572a89c17e6", size = 4296436 },
    { url = "https://files.pythonhosted.org/packages/44/ea/dad2818c675c44f6012289a7c4f46068c548768bc6c7f4e8c4ae5bbbc811/pillow-11.0.0-cp312-cp312-musllinux_1_2_x86_64.whl", hash = "sha256:3107c66e43bda25359d5ef446f59c497de2b5ed4c7fdba0894f8d6cf3822dafc", size = 4429714 },
    { url = "https://files.pythonhosted.org/packages/af/3a/da80224a6eb15bba7a0dcb2346e2b686bb9bf98378c0b4353cd88e62b171/pillow-11.0.0-cp312-cp312-win32.whl", hash = "sha256:86510e3f5eca0ab87429dd77fafc04693195eec7fd6a137c389c3eeb4cfb77c6", size = 2249631 },
    { url = "https://files.pythonhosted.org/packages/57/97/73f756c338c1d86bb802ee88c3cab015ad7ce4b838f8a24f16b676b1ac7c/pillow-11.0.0-cp312-cp312-win_amd64.whl", hash = "sha256:8ec4a89295cd6cd4d1058a5e6aec6bf51e0eaaf9714774e1bfac7cfc9051db47", size = 2567533 },
    { url = "https://files.pythonhosted.org/packages/0b/30/2b61876e2722374558b871dfbfcbe4e406626d63f4f6ed92e9c8e24cac37/pillow-11.0.0-cp312-cp312-win_arm64.whl", hash = "sha256:27a7860107500d813fcd203b4ea19b04babe79448268403172782754870dac25", size = 2254890 },
    { url = "https://files.pythonhosted.org/packages/63/24/e2e15e392d00fcf4215907465d8ec2a2f23bcec1481a8ebe4ae760459995/pillow-11.0.0-cp313-cp313-macosx_10_13_x86_64.whl", hash = "sha256:bcd1fb5bb7b07f64c15618c89efcc2cfa3e95f0e3bcdbaf4642509de1942a699", size = 3147300 },
    { url = "https://files.pythonhosted.org/packages/43/72/92ad4afaa2afc233dc44184adff289c2e77e8cd916b3ddb72ac69495bda3/pillow-11.0.0-cp313-cp313-macosx_11_0_arm64.whl", hash = "sha256:0e038b0745997c7dcaae350d35859c9715c71e92ffb7e0f4a8e8a16732150f38", size = 2978742 },
    { url = "https://files.pythonhosted.org/packages/9e/da/c8d69c5bc85d72a8523fe862f05ababdc52c0a755cfe3d362656bb86552b/pillow-11.0.0-cp313-cp313-manylinux_2_17_aarch64.manylinux2014_aarch64.whl", hash = "sha256:0ae08bd8ffc41aebf578c2af2f9d8749d91f448b3bfd41d7d9ff573d74f2a6b2", size = 4194349 },
    { url = "https://files.pythonhosted.org/packages/cd/e8/686d0caeed6b998351d57796496a70185376ed9c8ec7d99e1d19ad591fc6/pillow-11.0.0-cp313-cp313-manylinux_2_17_x86_64.manylinux2014_x86_64.whl", hash = "sha256:d69bfd8ec3219ae71bcde1f942b728903cad25fafe3100ba2258b973bd2bc1b2", size = 4298714 },
    { url = "https://files.pythonhosted.org/packages/ec/da/430015cec620d622f06854be67fd2f6721f52fc17fca8ac34b32e2d60739/pillow-11.0.0-cp313-cp313-manylinux_2_28_aarch64.whl", hash = "sha256:61b887f9ddba63ddf62fd02a3ba7add935d053b6dd7d58998c630e6dbade8527", size = 4208514 },
    { url = "https://files.pythonhosted.org/packages/44/ae/7e4f6662a9b1cb5f92b9cc9cab8321c381ffbee309210940e57432a4063a/pillow-11.0.0-cp313-cp313-manylinux_2_28_x86_64.whl", hash = "sha256:c6a660307ca9d4867caa8d9ca2c2658ab685de83792d1876274991adec7b93fa", size = 4380055 },
    { url = "https://files.pythonhosted.org/packages/74/d5/1a807779ac8a0eeed57f2b92a3c32ea1b696e6140c15bd42eaf908a261cd/pillow-11.0.0-cp313-cp313-musllinux_1_2_aarch64.whl", hash = "sha256:73e3a0200cdda995c7e43dd47436c1548f87a30bb27fb871f352a22ab8dcf45f", size = 4296751 },
    { url = "https://files.pythonhosted.org/packages/38/8c/5fa3385163ee7080bc13026d59656267daaaaf3c728c233d530e2c2757c8/pillow-11.0.0-cp313-cp313-musllinux_1_2_x86_64.whl", hash = "sha256:fba162b8872d30fea8c52b258a542c5dfd7b235fb5cb352240c8d63b414013eb", size = 4430378 },
    { url = "https://files.pythonhosted.org/packages/ca/1d/ad9c14811133977ff87035bf426875b93097fb50af747793f013979facdb/pillow-11.0.0-cp313-cp313-win32.whl", hash = "sha256:f1b82c27e89fffc6da125d5eb0ca6e68017faf5efc078128cfaa42cf5cb38798", size = 2249588 },
    { url = "https://files.pythonhosted.org/packages/fb/01/3755ba287dac715e6afdb333cb1f6d69740a7475220b4637b5ce3d78cec2/pillow-11.0.0-cp313-cp313-win_amd64.whl", hash = "sha256:8ba470552b48e5835f1d23ecb936bb7f71d206f9dfeee64245f30c3270b994de", size = 2567509 },
    { url = "https://files.pythonhosted.org/packages/c0/98/2c7d727079b6be1aba82d195767d35fcc2d32204c7a5820f822df5330152/pillow-11.0.0-cp313-cp313-win_arm64.whl", hash = "sha256:846e193e103b41e984ac921b335df59195356ce3f71dcfd155aa79c603873b84", size = 2254791 },
    { url = "https://files.pythonhosted.org/packages/eb/38/998b04cc6f474e78b563716b20eecf42a2fa16a84589d23c8898e64b0ffd/pillow-11.0.0-cp313-cp313t-macosx_10_13_x86_64.whl", hash = "sha256:4ad70c4214f67d7466bea6a08061eba35c01b1b89eaa098040a35272a8efb22b", size = 3150854 },
    { url = "https://files.pythonhosted.org/packages/13/8e/be23a96292113c6cb26b2aa3c8b3681ec62b44ed5c2bd0b258bd59503d3c/pillow-11.0.0-cp313-cp313t-macosx_11_0_arm64.whl", hash = "sha256:6ec0d5af64f2e3d64a165f490d96368bb5dea8b8f9ad04487f9ab60dc4bb6003", size = 2982369 },
    { url = "https://files.pythonhosted.org/packages/97/8a/3db4eaabb7a2ae8203cd3a332a005e4aba00067fc514aaaf3e9721be31f1/pillow-11.0.0-cp313-cp313t-manylinux_2_17_x86_64.manylinux2014_x86_64.whl", hash = "sha256:c809a70e43c7977c4a42aefd62f0131823ebf7dd73556fa5d5950f5b354087e2", size = 4333703 },
    { url = "https://files.pythonhosted.org/packages/28/ac/629ffc84ff67b9228fe87a97272ab125bbd4dc462745f35f192d37b822f1/pillow-11.0.0-cp313-cp313t-manylinux_2_28_x86_64.whl", hash = "sha256:4b60c9520f7207aaf2e1d94de026682fc227806c6e1f55bba7606d1c94dd623a", size = 4412550 },
    { url = "https://files.pythonhosted.org/packages/d6/07/a505921d36bb2df6868806eaf56ef58699c16c388e378b0dcdb6e5b2fb36/pillow-11.0.0-cp313-cp313t-musllinux_1_2_x86_64.whl", hash = "sha256:1e2688958a840c822279fda0086fec1fdab2f95bf2b717b66871c4ad9859d7e8", size = 4461038 },
    { url = "https://files.pythonhosted.org/packages/d6/b9/fb620dd47fc7cc9678af8f8bd8c772034ca4977237049287e99dda360b66/pillow-11.0.0-cp313-cp313t-win32.whl", hash = "sha256:607bbe123c74e272e381a8d1957083a9463401f7bd01287f50521ecb05a313f8", size = 2253197 },
    { url = "https://files.pythonhosted.org/packages/df/86/25dde85c06c89d7fc5db17940f07aae0a56ac69aa9ccb5eb0f09798862a8/pillow-11.0.0-cp313-cp313t-win_amd64.whl", hash = "sha256:5c39ed17edea3bc69c743a8dd3e9853b7509625c2462532e62baa0732163a904", size = 2572169 },
    { url = "https://files.pythonhosted.org/packages/51/85/9c33f2517add612e17f3381aee7c4072779130c634921a756c97bc29fb49/pillow-11.0.0-cp313-cp313t-win_arm64.whl", hash = "sha256:75acbbeb05b86bc53cbe7b7e6fe00fbcf82ad7c684b3ad82e3d711da9ba287d3", size = 2256828 },
]

[[package]]
name = "psycopg"
version = "3.2.3"
source = { registry = "https://pypi.org/simple" }
dependencies = [
    { name = "typing-extensions", marker = "python_full_version < '3.13'" },
    { name = "tzdata", marker = "sys_platform == 'win32'" },
]
sdist = { url = "https://files.pythonhosted.org/packages/d1/ad/7ce016ae63e231575df0498d2395d15f005f05e32d3a2d439038e1bd0851/psycopg-3.2.3.tar.gz", hash = "sha256:a5764f67c27bec8bfac85764d23c534af2c27b893550377e37ce59c12aac47a2", size = 155550 }
wheels = [
    { url = "https://files.pythonhosted.org/packages/ce/21/534b8f5bd9734b7a2fcd3a16b1ee82ef6cad81a4796e95ebf4e0c6a24119/psycopg-3.2.3-py3-none-any.whl", hash = "sha256:644d3973fe26908c73d4be746074f6e5224b03c1101d302d9a53bf565ad64907", size = 197934 },
]

[package.optional-dependencies]
c = [
    { name = "psycopg-c", marker = "implementation_name != 'pypy'" },
]

[[package]]
name = "psycopg-c"
version = "3.2.3"
source = { registry = "https://pypi.org/simple" }
sdist = { url = "https://files.pythonhosted.org/packages/53/ba/74caf4eab78d95a173e65cb81507a589365aeafb1d9c84f374002b51dc53/psycopg_c-3.2.3.tar.gz", hash = "sha256:06ae7db8eaec1a3845960fa7f997f4ccdb1a7a7ab8dc593a680bcc74e1359671", size = 598888 }

[[package]]
name = "python-dotenv"
version = "1.0.1"
source = { registry = "https://pypi.org/simple" }
sdist = { url = "https://files.pythonhosted.org/packages/bc/57/e84d88dfe0aec03b7a2d4327012c1627ab5f03652216c63d49846d7a6c58/python-dotenv-1.0.1.tar.gz", hash = "sha256:e324ee90a023d808f1959c46bcbc04446a10ced277783dc6ee09987c37ec10ca", size = 39115 }
wheels = [
    { url = "https://files.pythonhosted.org/packages/6a/3e/b68c118422ec867fa7ab88444e1274aa40681c606d59ac27de5a5588f082/python_dotenv-1.0.1-py3-none-any.whl", hash = "sha256:f7b63ef50f1b690dddf550d03497b66d609393b40b564ed0d674909a68ebf16a", size = 19863 },
]

[[package]]
name = "rapidfuzz"
version = "3.10.1"
source = { registry = "https://pypi.org/simple" }
sdist = { url = "https://files.pythonhosted.org/packages/e1/39/e3bcb901c2746734cd70151253bf9e61c688d3c415227b08e6fbf7eb5d7f/rapidfuzz-3.10.1.tar.gz", hash = "sha256:5a15546d847a915b3f42dc79ef9b0c78b998b4e2c53b252e7166284066585979", size = 57982250 }
wheels = [
    { url = "https://files.pythonhosted.org/packages/77/e9/a7981ad1a7fbe4d76aa4fbbc8f2d6aac289ab62e60173f92fd3e05619f25/rapidfuzz-3.10.1-cp312-cp312-macosx_10_13_x86_64.whl", hash = "sha256:1340b56340896bede246f612b6ecf685f661a56aabef3d2512481bfe23ac5835", size = 1938706 },
    { url = "https://files.pythonhosted.org/packages/bd/2b/f343df6ae726d01aa31c5ff63f2a5807dfeffa671ebf2fb9be8f8b9b2026/rapidfuzz-3.10.1-cp312-cp312-macosx_11_0_arm64.whl", hash = "sha256:2316515169b7b5a453f0ce3adbc46c42aa332cae9f2edb668e24d1fc92b2f2bb", size = 1423814 },
    { url = "https://files.pythonhosted.org/packages/13/07/6accf77b78772de2a5590ef7965d3b7c9997c5a92e913e525765586aa261/rapidfuzz-3.10.1-cp312-cp312-manylinux_2_17_aarch64.manylinux2014_aarch64.whl", hash = "sha256:8e06fe6a12241ec1b72c0566c6b28cda714d61965d86569595ad24793d1ab259", size = 1393680 },
    { url = "https://files.pythonhosted.org/packages/46/16/2a016051489f870d15f7cdcccf823ea5f474453dda5c20cf0044ed3122d5/rapidfuzz-3.10.1-cp312-cp312-manylinux_2_17_i686.manylinux2014_i686.whl", hash = "sha256:d99c1cd9443b19164ec185a7d752f4b4db19c066c136f028991a480720472e23", size = 5545438 },
    { url = "https://files.pythonhosted.org/packages/97/0b/2cdafff5dcb06ed6ede6f81a2f677c1f4cc08a47a6cf16862eb62903a84b/rapidfuzz-3.10.1-cp312-cp312-manylinux_2_17_ppc64le.manylinux2014_ppc64le.whl", hash = "sha256:a1d9aa156ed52d3446388ba4c2f335e312191d1ca9d1f5762ee983cf23e4ecf6", size = 1646447 },
    { url = "https://files.pythonhosted.org/packages/97/65/20a859278192ca036ead255dda49f4eac63dd8d666b3a902d7be3afd38ac/rapidfuzz-3.10.1-cp312-cp312-manylinux_2_17_s390x.manylinux2014_s390x.whl", hash = "sha256:54bcf4efaaee8e015822be0c2c28214815f4f6b4f70d8362cfecbd58a71188ac", size = 1672282 },
    { url = "https://files.pythonhosted.org/packages/3c/05/b8dcfbdc8f4e3e84abf86ea13ec9595ebaf7e5375011e5d49642705704ad/rapidfuzz-3.10.1-cp312-cp312-manylinux_2_17_x86_64.manylinux2014_x86_64.whl", hash = "sha256:c0c955e32afdbfdf6e9ee663d24afb25210152d98c26d22d399712d29a9b976b", size = 3126089 },
    { url = "https://files.pythonhosted.org/packages/3f/eb/e2f5b1643cf463b1b23c36875e711cae0091f6aaa1538c025a12cba32634/rapidfuzz-3.10.1-cp312-cp312-musllinux_1_2_aarch64.whl", hash = "sha256:191633722203f5b7717efcb73a14f76f3b124877d0608c070b827c5226d0b972", size = 2300501 },
    { url = "https://files.pythonhosted.org/packages/7c/28/f3aa5d3a56cc978e73baff951549425d1a722ec3b58cacbc74c4faad2127/rapidfuzz-3.10.1-cp312-cp312-musllinux_1_2_i686.whl", hash = "sha256:195baad28057ec9609e40385991004e470af9ef87401e24ebe72c064431524ab", size = 6903454 },
    { url = "https://files.pythonhosted.org/packages/b8/66/ba6de8c1fe5c50230d4e0adb87dde39b143ac2a4ce959a3f8076266b1767/rapidfuzz-3.10.1-cp312-cp312-musllinux_1_2_ppc64le.whl", hash = "sha256:0fff4a6b87c07366662b62ae994ffbeadc472e72f725923f94b72a3db49f4671", size = 2681137 },
    { url = "https://files.pythonhosted.org/packages/e8/ca/4e9dbc9bca8cd1b933cfc6f961179f883cead90689619ec0aa1a5f075b0e/rapidfuzz-3.10.1-cp312-cp312-musllinux_1_2_s390x.whl", hash = "sha256:4ffed25f9fdc0b287f30a98467493d1e1ce5b583f6317f70ec0263b3c97dbba6", size = 3230482 },
    { url = "https://files.pythonhosted.org/packages/14/50/6484ce7091b815757d6f0c434b78b568d3e7a80b6145a2d9aadc65b16132/rapidfuzz-3.10.1-cp312-cp312-musllinux_1_2_x86_64.whl", hash = "sha256:d02cf8e5af89a9ac8f53c438ddff6d773f62c25c6619b29db96f4aae248177c0", size = 4147386 },
    { url = "https://files.pythonhosted.org/packages/0b/27/9f7a0dbdd5b478790c68297b0678bc0088b9068e667878e5d1359c3ffba0/rapidfuzz-3.10.1-cp312-cp312-win32.whl", hash = "sha256:f3bb81d4fe6a5d20650f8c0afcc8f6e1941f6fecdb434f11b874c42467baded0", size = 1818115 },
    { url = "https://files.pythonhosted.org/packages/58/b6/c5f5e8043052fdbd4aa4f41d93b0e72d089172237ed5ec42118683a9833a/rapidfuzz-3.10.1-cp312-cp312-win_amd64.whl", hash = "sha256:aaf83e9170cb1338922ae42d320699dccbbdca8ffed07faeb0b9257822c26e24", size = 1600653 },
    { url = "https://files.pythonhosted.org/packages/56/d3/dd84c7ed88cd4391e78b3579ecf7141ebf8b900097da2d6911db148d4bb6/rapidfuzz-3.10.1-cp312-cp312-win_arm64.whl", hash = "sha256:c5da802a0d085ad81b0f62828fb55557996c497b2d0b551bbdfeafd6d447892f", size = 840363 },
    { url = "https://files.pythonhosted.org/packages/2f/7a/18aa6a51345e46886784e90a2c5bba62e45ee3adc554c12c3b97c297c4c3/rapidfuzz-3.10.1-cp313-cp313-macosx_10_13_x86_64.whl", hash = "sha256:fc22d69a1c9cccd560a5c434c0371b2df0f47c309c635a01a913e03bbf183710", size = 1931333 },
    { url = "https://files.pythonhosted.org/packages/6f/6a/7e34ddc3d6d751c4dba0d58b681c99f161225730e9a2fa71969d2fa1d281/rapidfuzz-3.10.1-cp313-cp313-macosx_11_0_arm64.whl", hash = "sha256:38b0dac2c8e057562b8f0d8ae5b663d2d6a28c5ab624de5b73cef9abb6129a24", size = 1417685 },
    { url = "https://files.pythonhosted.org/packages/ca/15/93a2eafbb4cc563d72112e4717b8c6f09e9de15f5a7709b832b8c9b81196/rapidfuzz-3.10.1-cp313-cp313-manylinux_2_17_aarch64.manylinux2014_aarch64.whl", hash = "sha256:6fde3bbb14e92ce8fcb5c2edfff72e474d0080cadda1c97785bf4822f037a309", size = 1388805 },
    { url = "https://files.pythonhosted.org/packages/82/23/541da9279b21fc380e89e49e5acd863ba2e2b5d483eb5b6e0cfc427e4540/rapidfuzz-3.10.1-cp313-cp313-manylinux_2_17_i686.manylinux2014_i686.whl", hash = "sha256:9141fb0592e55f98fe9ac0f3ce883199b9c13e262e0bf40c5b18cdf926109d16", size = 5515246 },
    { url = "https://files.pythonhosted.org/packages/f3/a0/f0e43fdaf3c3c1907aa377d3610c70b31830e4d6915b8a61b51b064fcbce/rapidfuzz-3.10.1-cp313-cp313-manylinux_2_17_ppc64le.manylinux2014_ppc64le.whl", hash = "sha256:237bec5dd1bfc9b40bbd786cd27949ef0c0eb5fab5eb491904c6b5df59d39d3c", size = 1642160 },
    { url = "https://files.pythonhosted.org/packages/a7/da/7091eef23291997e7c379a396eedbac66a50a145200cac86a0313286403d/rapidfuzz-3.10.1-cp313-cp313-manylinux_2_17_s390x.manylinux2014_s390x.whl", hash = "sha256:18123168cba156ab5794ea6de66db50f21bb3c66ae748d03316e71b27d907b95", size = 1664562 },
    { url = "https://files.pythonhosted.org/packages/bd/72/417ca8b5dde3c040c1cab1d5500fd24ffdf1a397cb86e36e958acb07cd65/rapidfuzz-3.10.1-cp313-cp313-manylinux_2_17_x86_64.manylinux2014_x86_64.whl", hash = "sha256:0b75fe506c8e02769cc47f5ab21ce3e09b6211d3edaa8f8f27331cb6988779be", size = 3106304 },
    { url = "https://files.pythonhosted.org/packages/57/18/0877c12deb79cee67f6b8fbb662e2d038582d0e26d895ddbfdb88cea7e17/rapidfuzz-3.10.1-cp313-cp313-musllinux_1_2_aarch64.whl", hash = "sha256:9da82aa4b46973aaf9e03bb4c3d6977004648c8638febfc0f9d237e865761270", size = 2302688 },
    { url = "https://files.pythonhosted.org/packages/c2/71/ca9e092c6d904f9fabadac6361e52a484165ee5970f34e4dc70a647f36f3/rapidfuzz-3.10.1-cp313-cp313-musllinux_1_2_i686.whl", hash = "sha256:c34c022d5ad564f1a5a57a4a89793bd70d7bad428150fb8ff2760b223407cdcf", size = 6893082 },
    { url = "https://files.pythonhosted.org/packages/c3/4c/99004b6ae04ead73d1e91829a78d9708c3c707aa83c1e782ea89f1ade491/rapidfuzz-3.10.1-cp313-cp313-musllinux_1_2_ppc64le.whl", hash = "sha256:1e96c84d6c2a0ca94e15acb5399118fff669f4306beb98a6d8ec6f5dccab4412", size = 2669909 },
    { url = "https://files.pythonhosted.org/packages/cb/7c/d5c93a0e497a0430b4f0bfea22e41317c22357cd557fa9aeeafb9e991d9b/rapidfuzz-3.10.1-cp313-cp313-musllinux_1_2_s390x.whl", hash = "sha256:e8e154b84a311263e1aca86818c962e1fa9eefdd643d1d5d197fcd2738f88cb9", size = 3223759 },
    { url = "https://files.pythonhosted.org/packages/d6/77/2c22f438b643524b429731492665d91d9c654144e895f0051cee78d5928d/rapidfuzz-3.10.1-cp313-cp313-musllinux_1_2_x86_64.whl", hash = "sha256:335fee93188f8cd585552bb8057228ce0111bd227fa81bfd40b7df6b75def8ab", size = 4148589 },
    { url = "https://files.pythonhosted.org/packages/bf/d3/51cc9f258b362fca8ced7c34046b66d8887551da0169c06c27ee8d2ce279/rapidfuzz-3.10.1-cp313-cp313-win32.whl", hash = "sha256:6729b856166a9e95c278410f73683957ea6100c8a9d0a8dbe434c49663689255", size = 1816180 },
    { url = "https://files.pythonhosted.org/packages/9d/9d/a69358047742dbc94516c71c07cfab4409d490578815c875949011e3f482/rapidfuzz-3.10.1-cp313-cp313-win_amd64.whl", hash = "sha256:0e06d99ad1ad97cb2ef7f51ec6b1fedd74a3a700e4949353871cf331d07b382a", size = 1598626 },
    { url = "https://files.pythonhosted.org/packages/48/3c/8213b3216b542f3bd43051dc5a1c44e0cd741abb97bde064e89f241c5a82/rapidfuzz-3.10.1-cp313-cp313-win_arm64.whl", hash = "sha256:8d1b7082104d596a3eb012e0549b2634ed15015b569f48879701e9d8db959dbb", size = 839138 },
]

[[package]]
name = "ruff"
version = "0.6.9"
source = { registry = "https://pypi.org/simple" }
sdist = { url = "https://files.pythonhosted.org/packages/26/0d/6148a48dab5662ca1d5a93b7c0d13c03abd3cc7e2f35db08410e47cef15d/ruff-0.6.9.tar.gz", hash = "sha256:b076ef717a8e5bc819514ee1d602bbdca5b4420ae13a9cf61a0c0a4f53a2baa2", size = 3095355 }
wheels = [
    { url = "https://files.pythonhosted.org/packages/6e/8f/f7a0a0ef1818662efb32ed6df16078c95da7a0a3248d64c2410c1e27799f/ruff-0.6.9-py3-none-linux_armv6l.whl", hash = "sha256:064df58d84ccc0ac0fcd63bc3090b251d90e2a372558c0f057c3f75ed73e1ccd", size = 10440526 },
    { url = "https://files.pythonhosted.org/packages/8b/69/b179a5faf936a9e2ab45bb412a668e4661eded964ccfa19d533f29463ef6/ruff-0.6.9-py3-none-macosx_10_12_x86_64.whl", hash = "sha256:140d4b5c9f5fc7a7b074908a78ab8d384dd7f6510402267bc76c37195c02a7ec", size = 10034612 },
    { url = "https://files.pythonhosted.org/packages/c7/ef/fd1b4be979c579d191eeac37b5cfc0ec906de72c8bcd8595e2c81bb700c1/ruff-0.6.9-py3-none-macosx_11_0_arm64.whl", hash = "sha256:53fd8ca5e82bdee8da7f506d7b03a261f24cd43d090ea9db9a1dc59d9313914c", size = 9706197 },
    { url = "https://files.pythonhosted.org/packages/29/61/b376d775deb5851cb48d893c568b511a6d3625ef2c129ad5698b64fb523c/ruff-0.6.9-py3-none-manylinux_2_17_aarch64.manylinux2014_aarch64.whl", hash = "sha256:645d7d8761f915e48a00d4ecc3686969761df69fb561dd914a773c1a8266e14e", size = 10751855 },
    { url = "https://files.pythonhosted.org/packages/13/d7/def9e5f446d75b9a9c19b24231a3a658c075d79163b08582e56fa5dcfa38/ruff-0.6.9-py3-none-manylinux_2_17_armv7l.manylinux2014_armv7l.whl", hash = "sha256:eae02b700763e3847595b9d2891488989cac00214da7f845f4bcf2989007d577", size = 10200889 },
    { url = "https://files.pythonhosted.org/packages/6c/d6/7f34160818bcb6e84ce293a5966cba368d9112ff0289b273fbb689046047/ruff-0.6.9-py3-none-manylinux_2_17_i686.manylinux2014_i686.whl", hash = "sha256:7d5ccc9e58112441de8ad4b29dcb7a86dc25c5f770e3c06a9d57e0e5eba48829", size = 11038678 },
    { url = "https://files.pythonhosted.org/packages/13/34/a40ff8ae62fb1b26fb8e6fa7e64bc0e0a834b47317880de22edd6bfb54fb/ruff-0.6.9-py3-none-manylinux_2_17_ppc64.manylinux2014_ppc64.whl", hash = "sha256:417b81aa1c9b60b2f8edc463c58363075412866ae4e2b9ab0f690dc1e87ac1b5", size = 11808682 },
    { url = "https://files.pythonhosted.org/packages/2e/6d/25a4386ae4009fc798bd10ba48c942d1b0b3e459b5403028f1214b6dd161/ruff-0.6.9-py3-none-manylinux_2_17_ppc64le.manylinux2014_ppc64le.whl", hash = "sha256:3c866b631f5fbce896a74a6e4383407ba7507b815ccc52bcedabb6810fdb3ef7", size = 11330446 },
    { url = "https://files.pythonhosted.org/packages/f7/f6/bdf891a9200d692c94ebcd06ae5a2fa5894e522f2c66c2a12dd5d8cb2654/ruff-0.6.9-py3-none-manylinux_2_17_s390x.manylinux2014_s390x.whl", hash = "sha256:7b118afbb3202f5911486ad52da86d1d52305b59e7ef2031cea3425142b97d6f", size = 12483048 },
    { url = "https://files.pythonhosted.org/packages/a7/86/96f4252f41840e325b3fa6c48297e661abb9f564bd7dcc0572398c8daa42/ruff-0.6.9-py3-none-manylinux_2_17_x86_64.manylinux2014_x86_64.whl", hash = "sha256:a67267654edc23c97335586774790cde402fb6bbdb3c2314f1fc087dee320bfa", size = 10936855 },
    { url = "https://files.pythonhosted.org/packages/45/87/801a52d26c8dbf73424238e9908b9ceac430d903c8ef35eab1b44fcfa2bd/ruff-0.6.9-py3-none-musllinux_1_2_aarch64.whl", hash = "sha256:3ef0cc774b00fec123f635ce5c547dac263f6ee9fb9cc83437c5904183b55ceb", size = 10713007 },
    { url = "https://files.pythonhosted.org/packages/be/27/6f7161d90320a389695e32b6ebdbfbedde28ccbf52451e4b723d7ce744ad/ruff-0.6.9-py3-none-musllinux_1_2_armv7l.whl", hash = "sha256:12edd2af0c60fa61ff31cefb90aef4288ac4d372b4962c2864aeea3a1a2460c0", size = 10274594 },
    { url = "https://files.pythonhosted.org/packages/00/52/dc311775e7b5f5b19831563cb1572ecce63e62681bccc609867711fae317/ruff-0.6.9-py3-none-musllinux_1_2_i686.whl", hash = "sha256:55bb01caeaf3a60b2b2bba07308a02fca6ab56233302406ed5245180a05c5625", size = 10608024 },
    { url = "https://files.pythonhosted.org/packages/98/b6/be0a1ddcbac65a30c985cf7224c4fce786ba2c51e7efeb5178fe410ed3cf/ruff-0.6.9-py3-none-musllinux_1_2_x86_64.whl", hash = "sha256:925d26471fa24b0ce5a6cdfab1bb526fb4159952385f386bdcc643813d472039", size = 10982085 },
    { url = "https://files.pythonhosted.org/packages/bb/a4/c84bc13d0b573cf7bb7d17b16d6d29f84267c92d79b2f478d4ce322e8e72/ruff-0.6.9-py3-none-win32.whl", hash = "sha256:eb61ec9bdb2506cffd492e05ac40e5bc6284873aceb605503d8494180d6fc84d", size = 8522088 },
    { url = "https://files.pythonhosted.org/packages/74/be/fc352bd8ca40daae8740b54c1c3e905a7efe470d420a268cd62150248c91/ruff-0.6.9-py3-none-win_amd64.whl", hash = "sha256:785d31851c1ae91f45b3d8fe23b8ae4b5170089021fbb42402d811135f0b7117", size = 9359275 },
    { url = "https://files.pythonhosted.org/packages/3e/14/fd026bc74ded05e2351681545a5f626e78ef831f8edce064d61acd2e6ec7/ruff-0.6.9-py3-none-win_arm64.whl", hash = "sha256:a9641e31476d601f83cd602608739a0840e348bda93fec9f1ee816f8b6798b93", size = 8679879 },
]

[[package]]
name = "sentry-sdk"
version = "2.18.0"
source = { registry = "https://pypi.org/simple" }
dependencies = [
    { name = "certifi" },
    { name = "urllib3" },
]
sdist = { url = "https://files.pythonhosted.org/packages/24/cc/0d87cc8246f52d92228aa6718a24e1988a2893f4abe2f64ec5a8bcba4185/sentry_sdk-2.18.0.tar.gz", hash = "sha256:0dc21febd1ab35c648391c664df96f5f79fb0d92d7d4225cd9832e53a617cafd", size = 293615 }
wheels = [
    { url = "https://files.pythonhosted.org/packages/76/9b/2d512efdb0de203d1f0312fae53433c3009ba70b0078421d25baaedc960a/sentry_sdk-2.18.0-py2.py3-none-any.whl", hash = "sha256:ee70e27d1bbe4cd52a38e1bd28a5fadb9b17bc29d91b5f2b97ae29c0a7610442", size = 317514 },
]

[package.optional-dependencies]
django = [
    { name = "django" },
]

[[package]]
name = "soupsieve"
version = "2.6"
source = { registry = "https://pypi.org/simple" }
sdist = { url = "https://files.pythonhosted.org/packages/d7/ce/fbaeed4f9fb8b2daa961f90591662df6a86c1abf25c548329a86920aedfb/soupsieve-2.6.tar.gz", hash = "sha256:e2e68417777af359ec65daac1057404a3c8a5455bb8abc36f1a9866ab1a51abb", size = 101569 }
wheels = [
    { url = "https://files.pythonhosted.org/packages/d1/c2/fe97d779f3ef3b15f05c94a2f1e3d21732574ed441687474db9d342a7315/soupsieve-2.6-py3-none-any.whl", hash = "sha256:e72c4ff06e4fb6e4b5a9f0f55fe6e81514581fca1515028625d0f299c602ccc9", size = 36186 },
]

[[package]]
name = "sqlparse"
version = "0.5.1"
source = { registry = "https://pypi.org/simple" }
sdist = { url = "https://files.pythonhosted.org/packages/73/82/dfa23ec2cbed08a801deab02fe7c904bfb00765256b155941d789a338c68/sqlparse-0.5.1.tar.gz", hash = "sha256:bb6b4df465655ef332548e24f08e205afc81b9ab86cb1c45657a7ff173a3a00e", size = 84502 }
wheels = [
    { url = "https://files.pythonhosted.org/packages/5d/a5/b2860373aa8de1e626b2bdfdd6df4355f0565b47e51f7d0c54fe70faf8fe/sqlparse-0.5.1-py3-none-any.whl", hash = "sha256:773dcbf9a5ab44a090f3441e2180efe2560220203dc2f8c0b0fa141e18b505e4", size = 44156 },
]

[[package]]
name = "tablib"
version = "3.5.0"
source = { registry = "https://pypi.org/simple" }
sdist = { url = "https://files.pythonhosted.org/packages/95/6a/d62bb27ecd6371cd10fc7f68fa9b06cf46e4771582f2aae94fb56c24add7/tablib-3.5.0.tar.gz", hash = "sha256:f6661dfc45e1d4f51fa8a6239f9c8349380859a5bfaa73280645f046d6c96e33", size = 94795 }
wheels = [
    { url = "https://files.pythonhosted.org/packages/cf/02/404b9a79578e1a3512bf3ae5e1fb0766859ccf3b55a83ab1e7ac4aeb7bed/tablib-3.5.0-py3-none-any.whl", hash = "sha256:9821caa9eca6062ff7299fa645e737aecff982e6b2b42046928a6413c8dabfd9", size = 45479 },
]

[[package]]
name = "thefuzz"
version = "0.22.1"
source = { registry = "https://pypi.org/simple" }
dependencies = [
    { name = "rapidfuzz" },
]
sdist = { url = "https://files.pythonhosted.org/packages/81/4b/d3eb25831590d6d7d38c2f2e3561d3ba41d490dc89cd91d9e65e7c812508/thefuzz-0.22.1.tar.gz", hash = "sha256:7138039a7ecf540da323792d8592ef9902b1d79eb78c147d4f20664de79f3680", size = 19993 }
wheels = [
    { url = "https://files.pythonhosted.org/packages/82/4f/1695e70ceb3604f19eda9908e289c687ea81c4fecef4d90a9d1d0f2f7ae9/thefuzz-0.22.1-py3-none-any.whl", hash = "sha256:59729b33556850b90e1093c4cf9e618af6f2e4c985df193fdf3c5b5cf02ca481", size = 8245 },
]

[[package]]
name = "typing-extensions"
version = "4.12.2"
source = { registry = "https://pypi.org/simple" }
sdist = { url = "https://files.pythonhosted.org/packages/df/db/f35a00659bc03fec321ba8bce9420de607a1d37f8342eee1863174c69557/typing_extensions-4.12.2.tar.gz", hash = "sha256:1a7ead55c7e559dd4dee8856e3a88b41225abfe1ce8df57b7c13915fe121ffb8", size = 85321 }
wheels = [
    { url = "https://files.pythonhosted.org/packages/26/9f/ad63fc0248c5379346306f8668cda6e2e2e9c95e01216d2b8ffd9ff037d0/typing_extensions-4.12.2-py3-none-any.whl", hash = "sha256:04e5ca0351e0f3f85c6853954072df659d0d13fac324d0072316b67d7794700d", size = 37438 },
]

[[package]]
name = "tzdata"
version = "2024.2"
source = { registry = "https://pypi.org/simple" }
sdist = { url = "https://files.pythonhosted.org/packages/e1/34/943888654477a574a86a98e9896bae89c7aa15078ec29f490fef2f1e5384/tzdata-2024.2.tar.gz", hash = "sha256:7d85cc416e9382e69095b7bdf4afd9e3880418a2413feec7069d533d6b4e31cc", size = 193282 }
wheels = [
    { url = "https://files.pythonhosted.org/packages/a6/ab/7e5f53c3b9d14972843a647d8d7a853969a58aecc7559cb3267302c94774/tzdata-2024.2-py2.py3-none-any.whl", hash = "sha256:a48093786cdcde33cad18c2555e8532f34422074448fbc874186f0abd79565cd", size = 346586 },
]

[[package]]
name = "urllib3"
version = "2.2.3"
source = { registry = "https://pypi.org/simple" }
sdist = { url = "https://files.pythonhosted.org/packages/ed/63/22ba4ebfe7430b76388e7cd448d5478814d3032121827c12a2cc287e2260/urllib3-2.2.3.tar.gz", hash = "sha256:e7d814a81dad81e6caf2ec9fdedb284ecc9c73076b62654547cc64ccdcae26e9", size = 300677 }
wheels = [
    { url = "https://files.pythonhosted.org/packages/ce/d9/5f4c13cecde62396b0d3fe530a50ccea91e7dfc1ccf0e09c228841bb5ba8/urllib3-2.2.3-py3-none-any.whl", hash = "sha256:ca899ca043dcb1bafa3e262d73aa25c465bfb49e0bd9dd5d59f1d0acba2f8fac", size = 126338 },
]
